// !$*UTF8*$!
{
	archiveVersion = 1;
	classes = {
	};
	objectVersion = 56;
	objects = {

/* Begin PBXBuildFile section */
		962833942D3F814A00C754AB /* CollectionView+Extensions.swift in Sources */ = {isa = PBXBuildFile; fileRef = 962833932D3F814A00C754AB /* CollectionView+Extensions.swift */; };
		962833962D3F816000C754AB /* CollectionViewCell+Extensions.swift in Sources */ = {isa = PBXBuildFile; fileRef = 962833952D3F816000C754AB /* CollectionViewCell+Extensions.swift */; };
		962833982D3F818F00C754AB /* CoinFilterItemCollectionViewCell.swift in Sources */ = {isa = PBXBuildFile; fileRef = 962833972D3F818F00C754AB /* CoinFilterItemCollectionViewCell.swift */; };
		9628339A2D3F820400C754AB /* CoinListFilterType.swift in Sources */ = {isa = PBXBuildFile; fileRef = 962833992D3F820400C754AB /* CoinListFilterType.swift */; };
		9628339C2D3F836F00C754AB /* CoinListFilterItem.swift in Sources */ = {isa = PBXBuildFile; fileRef = 9628339B2D3F836F00C754AB /* CoinListFilterItem.swift */; };
		9628339E2D3F87FA00C754AB /* UIFont+Extensions.swift in Sources */ = {isa = PBXBuildFile; fileRef = 9628339D2D3F87FA00C754AB /* UIFont+Extensions.swift */; };
		962833A02D3F8B2C00C754AB /* StackView+Extension.swift in Sources */ = {isa = PBXBuildFile; fileRef = 9628339F2D3F8B2C00C754AB /* StackView+Extension.swift */; };
		962833A22D3F8E0A00C754AB /* LeftAlignedCollectionViewFlowLayout.swift in Sources */ = {isa = PBXBuildFile; fileRef = 962833A12D3F8E0A00C754AB /* LeftAlignedCollectionViewFlowLayout.swift */; };
		964396BE2D3EADFB00FD53B2 /* APIManager.swift in Sources */ = {isa = PBXBuildFile; fileRef = 964396BD2D3EADFB00FD53B2 /* APIManager.swift */; };
		964396C12D3EAE4200FD53B2 /* APIError.swift in Sources */ = {isa = PBXBuildFile; fileRef = 964396C02D3EAE4200FD53B2 /* APIError.swift */; };
		964396C32D3EAE7000FD53B2 /* APIRequest.swift in Sources */ = {isa = PBXBuildFile; fileRef = 964396C22D3EAE7000FD53B2 /* APIRequest.swift */; };
		964396C52D3EAE8300FD53B2 /* HTTPMethod.swift in Sources */ = {isa = PBXBuildFile; fileRef = 964396C42D3EAE8300FD53B2 /* HTTPMethod.swift */; };
		964396C72D3EAEBA00FD53B2 /* APIPath.swift in Sources */ = {isa = PBXBuildFile; fileRef = 964396C62D3EAEBA00FD53B2 /* APIPath.swift */; };
		964396C92D3EAF0F00FD53B2 /* APIManaging.swift in Sources */ = {isa = PBXBuildFile; fileRef = 964396C82D3EAF0F00FD53B2 /* APIManaging.swift */; };
		964396CB2D3EB39100FD53B2 /* APILayerConstants.swift in Sources */ = {isa = PBXBuildFile; fileRef = 964396CA2D3EB39100FD53B2 /* APILayerConstants.swift */; };
		964396D12D3ECA6300FD53B2 /* CryptoListGetCoinsUseCase.swift in Sources */ = {isa = PBXBuildFile; fileRef = 964396D02D3ECA6300FD53B2 /* CryptoListGetCoinsUseCase.swift */; };
		964396D42D3ECAB000FD53B2 /* CryptoListRepository.swift in Sources */ = {isa = PBXBuildFile; fileRef = 964396D32D3ECAB000FD53B2 /* CryptoListRepository.swift */; };
		964396D72D3ECBC500FD53B2 /* CryptoListReponse.swift in Sources */ = {isa = PBXBuildFile; fileRef = 964396D62D3ECBC500FD53B2 /* CryptoListReponse.swift */; };
		964396DC2D3ECC6B00FD53B2 /* CryptoListNetworkDataSource.swift in Sources */ = {isa = PBXBuildFile; fileRef = 964396DB2D3ECC6B00FD53B2 /* CryptoListNetworkDataSource.swift */; };
		964396E02D3ECF0800FD53B2 /* ViewModelFactory.swift in Sources */ = {isa = PBXBuildFile; fileRef = 964396DF2D3ECF0800FD53B2 /* ViewModelFactory.swift */; };
		964396E32D3ED0F200FD53B2 /* TypeAlias.swift in Sources */ = {isa = PBXBuildFile; fileRef = 964396E22D3ED0F200FD53B2 /* TypeAlias.swift */; };
		964396E52D3ED21A00FD53B2 /* CryptoListViewState.swift in Sources */ = {isa = PBXBuildFile; fileRef = 964396E42D3ED21A00FD53B2 /* CryptoListViewState.swift */; };
		964396E82D3EDD1A00FD53B2 /* LoadingViewController.swift in Sources */ = {isa = PBXBuildFile; fileRef = 964396E72D3EDD1A00FD53B2 /* LoadingViewController.swift */; };
		964396EA2D3EDED700FD53B2 /* CyptoListItemTableViewCell.swift in Sources */ = {isa = PBXBuildFile; fileRef = 964396E92D3EDED700FD53B2 /* CyptoListItemTableViewCell.swift */; };
		964396ED2D3EDF2000FD53B2 /* Tableview+Extensions.swift in Sources */ = {isa = PBXBuildFile; fileRef = 964396EC2D3EDF2000FD53B2 /* Tableview+Extensions.swift */; };
		964396EF2D3EDF8800FD53B2 /* TableviewCell+Extensions.swift in Sources */ = {isa = PBXBuildFile; fileRef = 964396EE2D3EDF8800FD53B2 /* TableviewCell+Extensions.swift */; };
		966BF0932D3E2F0500AA29C5 /* AppDelegate.swift in Sources */ = {isa = PBXBuildFile; fileRef = 966BF0922D3E2F0500AA29C5 /* AppDelegate.swift */; };
		966BF0952D3E2F0500AA29C5 /* SceneDelegate.swift in Sources */ = {isa = PBXBuildFile; fileRef = 966BF0942D3E2F0500AA29C5 /* SceneDelegate.swift */; };
		966BF09C2D3E2F0600AA29C5 /* Assets.xcassets in Resources */ = {isa = PBXBuildFile; fileRef = 966BF09B2D3E2F0600AA29C5 /* Assets.xcassets */; };
		966BF09F2D3E2F0600AA29C5 /* Base in Resources */ = {isa = PBXBuildFile; fileRef = 966BF09E2D3E2F0600AA29C5 /* Base */; };
		966BF0AA2D3E2F0600AA29C5 /* ankushBhatiaCryptoCoinsListTests.swift in Sources */ = {isa = PBXBuildFile; fileRef = 966BF0A92D3E2F0600AA29C5 /* ankushBhatiaCryptoCoinsListTests.swift */; };
		966BF0B42D3E2F0600AA29C5 /* ankushBhatiaCryptoCoinsListUITests.swift in Sources */ = {isa = PBXBuildFile; fileRef = 966BF0B32D3E2F0600AA29C5 /* ankushBhatiaCryptoCoinsListUITests.swift */; };
		966BF0B62D3E2F0600AA29C5 /* ankushBhatiaCryptoCoinsListUITestsLaunchTests.swift in Sources */ = {isa = PBXBuildFile; fileRef = 966BF0B52D3E2F0600AA29C5 /* ankushBhatiaCryptoCoinsListUITestsLaunchTests.swift */; };
		96C2AF732D3E5B63004C0F52 /* CryptoListViewController.swift in Sources */ = {isa = PBXBuildFile; fileRef = 96C2AF722D3E5B63004C0F52 /* CryptoListViewController.swift */; };
		96C2AF762D3E5BD9004C0F52 /* CryptoListViewModel.swift in Sources */ = {isa = PBXBuildFile; fileRef = 96C2AF752D3E5BD9004C0F52 /* CryptoListViewModel.swift */; };
/* End PBXBuildFile section */

/* Begin PBXContainerItemProxy section */
		966BF0A62D3E2F0600AA29C5 /* PBXContainerItemProxy */ = {
			isa = PBXContainerItemProxy;
			containerPortal = 966BF0872D3E2F0500AA29C5 /* Project object */;
			proxyType = 1;
			remoteGlobalIDString = 966BF08E2D3E2F0500AA29C5;
			remoteInfo = ankushBhatiaCryptoCoinsList;
		};
		966BF0B02D3E2F0600AA29C5 /* PBXContainerItemProxy */ = {
			isa = PBXContainerItemProxy;
			containerPortal = 966BF0872D3E2F0500AA29C5 /* Project object */;
			proxyType = 1;
			remoteGlobalIDString = 966BF08E2D3E2F0500AA29C5;
			remoteInfo = ankushBhatiaCryptoCoinsList;
		};
/* End PBXContainerItemProxy section */

/* Begin PBXFileReference section */
		962833932D3F814A00C754AB /* CollectionView+Extensions.swift */ = {isa = PBXFileReference; lastKnownFileType = sourcecode.swift; path = "CollectionView+Extensions.swift"; sourceTree = "<group>"; };
		962833952D3F816000C754AB /* CollectionViewCell+Extensions.swift */ = {isa = PBXFileReference; lastKnownFileType = sourcecode.swift; path = "CollectionViewCell+Extensions.swift"; sourceTree = "<group>"; };
		962833972D3F818F00C754AB /* CoinFilterItemCollectionViewCell.swift */ = {isa = PBXFileReference; lastKnownFileType = sourcecode.swift; path = CoinFilterItemCollectionViewCell.swift; sourceTree = "<group>"; };
		962833992D3F820400C754AB /* CoinListFilterType.swift */ = {isa = PBXFileReference; lastKnownFileType = sourcecode.swift; path = CoinListFilterType.swift; sourceTree = "<group>"; };
		9628339B2D3F836F00C754AB /* CoinListFilterItem.swift */ = {isa = PBXFileReference; lastKnownFileType = sourcecode.swift; path = CoinListFilterItem.swift; sourceTree = "<group>"; };
		9628339D2D3F87FA00C754AB /* UIFont+Extensions.swift */ = {isa = PBXFileReference; lastKnownFileType = sourcecode.swift; path = "UIFont+Extensions.swift"; sourceTree = "<group>"; };
		9628339F2D3F8B2C00C754AB /* StackView+Extension.swift */ = {isa = PBXFileReference; lastKnownFileType = sourcecode.swift; path = "StackView+Extension.swift"; sourceTree = "<group>"; };
		962833A12D3F8E0A00C754AB /* LeftAlignedCollectionViewFlowLayout.swift */ = {isa = PBXFileReference; lastKnownFileType = sourcecode.swift; path = LeftAlignedCollectionViewFlowLayout.swift; sourceTree = "<group>"; };
		964396BD2D3EADFB00FD53B2 /* APIManager.swift */ = {isa = PBXFileReference; lastKnownFileType = sourcecode.swift; path = APIManager.swift; sourceTree = "<group>"; };
		964396C02D3EAE4200FD53B2 /* APIError.swift */ = {isa = PBXFileReference; lastKnownFileType = sourcecode.swift; path = APIError.swift; sourceTree = "<group>"; };
		964396C22D3EAE7000FD53B2 /* APIRequest.swift */ = {isa = PBXFileReference; lastKnownFileType = sourcecode.swift; path = APIRequest.swift; sourceTree = "<group>"; };
		964396C42D3EAE8300FD53B2 /* HTTPMethod.swift */ = {isa = PBXFileReference; lastKnownFileType = sourcecode.swift; path = HTTPMethod.swift; sourceTree = "<group>"; };
		964396C62D3EAEBA00FD53B2 /* APIPath.swift */ = {isa = PBXFileReference; lastKnownFileType = sourcecode.swift; path = APIPath.swift; sourceTree = "<group>"; };
		964396C82D3EAF0F00FD53B2 /* APIManaging.swift */ = {isa = PBXFileReference; lastKnownFileType = sourcecode.swift; path = APIManaging.swift; sourceTree = "<group>"; };
		964396CA2D3EB39100FD53B2 /* APILayerConstants.swift */ = {isa = PBXFileReference; lastKnownFileType = sourcecode.swift; path = APILayerConstants.swift; sourceTree = "<group>"; };
		964396D02D3ECA6300FD53B2 /* CryptoListGetCoinsUseCase.swift */ = {isa = PBXFileReference; lastKnownFileType = sourcecode.swift; path = CryptoListGetCoinsUseCase.swift; sourceTree = "<group>"; };
		964396D32D3ECAB000FD53B2 /* CryptoListRepository.swift */ = {isa = PBXFileReference; lastKnownFileType = sourcecode.swift; path = CryptoListRepository.swift; sourceTree = "<group>"; };
		964396D62D3ECBC500FD53B2 /* CryptoListReponse.swift */ = {isa = PBXFileReference; lastKnownFileType = sourcecode.swift; path = CryptoListReponse.swift; sourceTree = "<group>"; };
		964396DB2D3ECC6B00FD53B2 /* CryptoListNetworkDataSource.swift */ = {isa = PBXFileReference; lastKnownFileType = sourcecode.swift; path = CryptoListNetworkDataSource.swift; sourceTree = "<group>"; };
		964396DF2D3ECF0800FD53B2 /* ViewModelFactory.swift */ = {isa = PBXFileReference; lastKnownFileType = sourcecode.swift; path = ViewModelFactory.swift; sourceTree = "<group>"; };
		964396E22D3ED0F200FD53B2 /* TypeAlias.swift */ = {isa = PBXFileReference; lastKnownFileType = sourcecode.swift; path = TypeAlias.swift; sourceTree = "<group>"; };
		964396E42D3ED21A00FD53B2 /* CryptoListViewState.swift */ = {isa = PBXFileReference; lastKnownFileType = sourcecode.swift; path = CryptoListViewState.swift; sourceTree = "<group>"; };
		964396E72D3EDD1A00FD53B2 /* LoadingViewController.swift */ = {isa = PBXFileReference; lastKnownFileType = sourcecode.swift; path = LoadingViewController.swift; sourceTree = "<group>"; };
		964396E92D3EDED700FD53B2 /* CyptoListItemTableViewCell.swift */ = {isa = PBXFileReference; lastKnownFileType = sourcecode.swift; path = CyptoListItemTableViewCell.swift; sourceTree = "<group>"; };
		964396EC2D3EDF2000FD53B2 /* Tableview+Extensions.swift */ = {isa = PBXFileReference; lastKnownFileType = sourcecode.swift; path = "Tableview+Extensions.swift"; sourceTree = "<group>"; };
		964396EE2D3EDF8800FD53B2 /* TableviewCell+Extensions.swift */ = {isa = PBXFileReference; lastKnownFileType = sourcecode.swift; path = "TableviewCell+Extensions.swift"; sourceTree = "<group>"; };
		966BF08F2D3E2F0500AA29C5 /* ankushBhatiaCryptoCoinsList.app */ = {isa = PBXFileReference; explicitFileType = wrapper.application; includeInIndex = 0; path = ankushBhatiaCryptoCoinsList.app; sourceTree = BUILT_PRODUCTS_DIR; };
		966BF0922D3E2F0500AA29C5 /* AppDelegate.swift */ = {isa = PBXFileReference; lastKnownFileType = sourcecode.swift; path = AppDelegate.swift; sourceTree = "<group>"; };
		966BF0942D3E2F0500AA29C5 /* SceneDelegate.swift */ = {isa = PBXFileReference; lastKnownFileType = sourcecode.swift; path = SceneDelegate.swift; sourceTree = "<group>"; };
		966BF09B2D3E2F0600AA29C5 /* Assets.xcassets */ = {isa = PBXFileReference; lastKnownFileType = folder.assetcatalog; path = Assets.xcassets; sourceTree = "<group>"; };
		966BF09E2D3E2F0600AA29C5 /* Base */ = {isa = PBXFileReference; lastKnownFileType = file.storyboard; name = Base; path = Base.lproj/LaunchScreen.storyboard; sourceTree = "<group>"; };
		966BF0A02D3E2F0600AA29C5 /* Info.plist */ = {isa = PBXFileReference; lastKnownFileType = text.plist.xml; path = Info.plist; sourceTree = "<group>"; };
		966BF0A52D3E2F0600AA29C5 /* ankushBhatiaCryptoCoinsListTests.xctest */ = {isa = PBXFileReference; explicitFileType = wrapper.cfbundle; includeInIndex = 0; path = ankushBhatiaCryptoCoinsListTests.xctest; sourceTree = BUILT_PRODUCTS_DIR; };
		966BF0A92D3E2F0600AA29C5 /* ankushBhatiaCryptoCoinsListTests.swift */ = {isa = PBXFileReference; lastKnownFileType = sourcecode.swift; path = ankushBhatiaCryptoCoinsListTests.swift; sourceTree = "<group>"; };
		966BF0AF2D3E2F0600AA29C5 /* ankushBhatiaCryptoCoinsListUITests.xctest */ = {isa = PBXFileReference; explicitFileType = wrapper.cfbundle; includeInIndex = 0; path = ankushBhatiaCryptoCoinsListUITests.xctest; sourceTree = BUILT_PRODUCTS_DIR; };
		966BF0B32D3E2F0600AA29C5 /* ankushBhatiaCryptoCoinsListUITests.swift */ = {isa = PBXFileReference; lastKnownFileType = sourcecode.swift; path = ankushBhatiaCryptoCoinsListUITests.swift; sourceTree = "<group>"; };
		966BF0B52D3E2F0600AA29C5 /* ankushBhatiaCryptoCoinsListUITestsLaunchTests.swift */ = {isa = PBXFileReference; lastKnownFileType = sourcecode.swift; path = ankushBhatiaCryptoCoinsListUITestsLaunchTests.swift; sourceTree = "<group>"; };
		96C2AF722D3E5B63004C0F52 /* CryptoListViewController.swift */ = {isa = PBXFileReference; lastKnownFileType = sourcecode.swift; path = CryptoListViewController.swift; sourceTree = "<group>"; };
		96C2AF752D3E5BD9004C0F52 /* CryptoListViewModel.swift */ = {isa = PBXFileReference; lastKnownFileType = sourcecode.swift; path = CryptoListViewModel.swift; sourceTree = "<group>"; };
/* End PBXFileReference section */

/* Begin PBXFrameworksBuildPhase section */
		966BF08C2D3E2F0500AA29C5 /* Frameworks */ = {
			isa = PBXFrameworksBuildPhase;
			buildActionMask = 2147483647;
			files = (
			);
			runOnlyForDeploymentPostprocessing = 0;
		};
		966BF0A22D3E2F0600AA29C5 /* Frameworks */ = {
			isa = PBXFrameworksBuildPhase;
			buildActionMask = 2147483647;
			files = (
			);
			runOnlyForDeploymentPostprocessing = 0;
		};
		966BF0AC2D3E2F0600AA29C5 /* Frameworks */ = {
			isa = PBXFrameworksBuildPhase;
			buildActionMask = 2147483647;
			files = (
			);
			runOnlyForDeploymentPostprocessing = 0;
		};
/* End PBXFrameworksBuildPhase section */

/* Begin PBXGroup section */
		964396BC2D3EADE900FD53B2 /* Networking */ = {
			isa = PBXGroup;
			children = (
				964396BD2D3EADFB00FD53B2 /* APIManager.swift */,
				964396C22D3EAE7000FD53B2 /* APIRequest.swift */,
				964396C42D3EAE8300FD53B2 /* HTTPMethod.swift */,
				964396C62D3EAEBA00FD53B2 /* APIPath.swift */,
				964396C82D3EAF0F00FD53B2 /* APIManaging.swift */,
				964396CA2D3EB39100FD53B2 /* APILayerConstants.swift */,
			);
			path = Networking;
			sourceTree = "<group>";
		};
		964396BF2D3EAE3500FD53B2 /* ErrorHandling */ = {
			isa = PBXGroup;
			children = (
				964396C02D3EAE4200FD53B2 /* APIError.swift */,
			);
			path = ErrorHandling;
			sourceTree = "<group>";
		};
		964396CF2D3ECA2200FD53B2 /* UseCase */ = {
			isa = PBXGroup;
			children = (
				964396D02D3ECA6300FD53B2 /* CryptoListGetCoinsUseCase.swift */,
			);
			path = UseCase;
			sourceTree = "<group>";
		};
		964396D22D3ECAA000FD53B2 /* Repository */ = {
			isa = PBXGroup;
			children = (
				964396D32D3ECAB000FD53B2 /* CryptoListRepository.swift */,
			);
			path = Repository;
			sourceTree = "<group>";
		};
		964396D52D3ECBB100FD53B2 /* Modal */ = {
			isa = PBXGroup;
			children = (
				964396D62D3ECBC500FD53B2 /* CryptoListReponse.swift */,
				962833992D3F820400C754AB /* CoinListFilterType.swift */,
				9628339B2D3F836F00C754AB /* CoinListFilterItem.swift */,
			);
			path = Modal;
			sourceTree = "<group>";
		};
		964396DA2D3ECC5500FD53B2 /* DataSource */ = {
			isa = PBXGroup;
			children = (
				964396DB2D3ECC6B00FD53B2 /* CryptoListNetworkDataSource.swift */,
			);
			path = DataSource;
			sourceTree = "<group>";
		};
		964396DD2D3ECEE600FD53B2 /* Factories */ = {
			isa = PBXGroup;
			children = (
				964396DF2D3ECF0800FD53B2 /* ViewModelFactory.swift */,
			);
			path = Factories;
			sourceTree = "<group>";
		};
		964396E12D3ED0E900FD53B2 /* Utils */ = {
			isa = PBXGroup;
			children = (
				964396E22D3ED0F200FD53B2 /* TypeAlias.swift */,
				962833A12D3F8E0A00C754AB /* LeftAlignedCollectionViewFlowLayout.swift */,
			);
			path = Utils;
			sourceTree = "<group>";
		};
		964396E62D3EDD0F00FD53B2 /* Laoding */ = {
			isa = PBXGroup;
			children = (
				964396E72D3EDD1A00FD53B2 /* LoadingViewController.swift */,
			);
			path = Laoding;
			sourceTree = "<group>";
		};
		964396EB2D3EDF1100FD53B2 /* Extensions */ = {
			isa = PBXGroup;
			children = (
				964396EC2D3EDF2000FD53B2 /* Tableview+Extensions.swift */,
				964396EE2D3EDF8800FD53B2 /* TableviewCell+Extensions.swift */,
				962833932D3F814A00C754AB /* CollectionView+Extensions.swift */,
				962833952D3F816000C754AB /* CollectionViewCell+Extensions.swift */,
				9628339D2D3F87FA00C754AB /* UIFont+Extensions.swift */,
				9628339F2D3F8B2C00C754AB /* StackView+Extension.swift */,
			);
			path = Extensions;
			sourceTree = "<group>";
		};
		966BF0862D3E2F0500AA29C5 = {
			isa = PBXGroup;
			children = (
				966BF0912D3E2F0500AA29C5 /* ankushBhatiaCryptoCoinsList */,
				966BF0A82D3E2F0600AA29C5 /* ankushBhatiaCryptoCoinsListTests */,
				966BF0B22D3E2F0600AA29C5 /* ankushBhatiaCryptoCoinsListUITests */,
				966BF0902D3E2F0500AA29C5 /* Products */,
			);
			sourceTree = "<group>";
		};
		966BF0902D3E2F0500AA29C5 /* Products */ = {
			isa = PBXGroup;
			children = (
				966BF08F2D3E2F0500AA29C5 /* ankushBhatiaCryptoCoinsList.app */,
				966BF0A52D3E2F0600AA29C5 /* ankushBhatiaCryptoCoinsListTests.xctest */,
				966BF0AF2D3E2F0600AA29C5 /* ankushBhatiaCryptoCoinsListUITests.xctest */,
			);
			name = Products;
			sourceTree = "<group>";
		};
		966BF0912D3E2F0500AA29C5 /* ankushBhatiaCryptoCoinsList */ = {
			isa = PBXGroup;
			children = (
				964396EB2D3EDF1100FD53B2 /* Extensions */,
				964396E62D3EDD0F00FD53B2 /* Laoding */,
				964396E12D3ED0E900FD53B2 /* Utils */,
				964396DD2D3ECEE600FD53B2 /* Factories */,
				964396BF2D3EAE3500FD53B2 /* ErrorHandling */,
				964396BC2D3EADE900FD53B2 /* Networking */,
				96C2AF702D3E5B47004C0F52 /* CryptoList */,
				966BF0922D3E2F0500AA29C5 /* AppDelegate.swift */,
				966BF0942D3E2F0500AA29C5 /* SceneDelegate.swift */,
				966BF09B2D3E2F0600AA29C5 /* Assets.xcassets */,
				966BF09D2D3E2F0600AA29C5 /* LaunchScreen.storyboard */,
				966BF0A02D3E2F0600AA29C5 /* Info.plist */,
			);
			path = ankushBhatiaCryptoCoinsList;
			sourceTree = "<group>";
		};
		966BF0A82D3E2F0600AA29C5 /* ankushBhatiaCryptoCoinsListTests */ = {
			isa = PBXGroup;
			children = (
				966BF0A92D3E2F0600AA29C5 /* ankushBhatiaCryptoCoinsListTests.swift */,
			);
			path = ankushBhatiaCryptoCoinsListTests;
			sourceTree = "<group>";
		};
		966BF0B22D3E2F0600AA29C5 /* ankushBhatiaCryptoCoinsListUITests */ = {
			isa = PBXGroup;
			children = (
				966BF0B32D3E2F0600AA29C5 /* ankushBhatiaCryptoCoinsListUITests.swift */,
				966BF0B52D3E2F0600AA29C5 /* ankushBhatiaCryptoCoinsListUITestsLaunchTests.swift */,
			);
			path = ankushBhatiaCryptoCoinsListUITests;
			sourceTree = "<group>";
		};
		96C2AF702D3E5B47004C0F52 /* CryptoList */ = {
			isa = PBXGroup;
			children = (
				964396DA2D3ECC5500FD53B2 /* DataSource */,
				964396D52D3ECBB100FD53B2 /* Modal */,
				964396D22D3ECAA000FD53B2 /* Repository */,
				964396CF2D3ECA2200FD53B2 /* UseCase */,
				96C2AF742D3E5BD0004C0F52 /* ViewModel */,
				96C2AF712D3E5B55004C0F52 /* View */,
				964396E42D3ED21A00FD53B2 /* CryptoListViewState.swift */,
			);
			path = CryptoList;
			sourceTree = "<group>";
		};
		96C2AF712D3E5B55004C0F52 /* View */ = {
			isa = PBXGroup;
			children = (
				96C2AF722D3E5B63004C0F52 /* CryptoListViewController.swift */,
				964396E92D3EDED700FD53B2 /* CyptoListItemTableViewCell.swift */,
				962833972D3F818F00C754AB /* CoinFilterItemCollectionViewCell.swift */,
			);
			path = View;
			sourceTree = "<group>";
		};
		96C2AF742D3E5BD0004C0F52 /* ViewModel */ = {
			isa = PBXGroup;
			children = (
				96C2AF752D3E5BD9004C0F52 /* CryptoListViewModel.swift */,
			);
			path = ViewModel;
			sourceTree = "<group>";
		};
/* End PBXGroup section */

/* Begin PBXNativeTarget section */
		966BF08E2D3E2F0500AA29C5 /* ankushBhatiaCryptoCoinsList */ = {
			isa = PBXNativeTarget;
			buildConfigurationList = 966BF0B92D3E2F0600AA29C5 /* Build configuration list for PBXNativeTarget "ankushBhatiaCryptoCoinsList" */;
			buildPhases = (
				966BF08B2D3E2F0500AA29C5 /* Sources */,
				966BF08C2D3E2F0500AA29C5 /* Frameworks */,
				966BF08D2D3E2F0500AA29C5 /* Resources */,
			);
			buildRules = (
			);
			dependencies = (
			);
			name = ankushBhatiaCryptoCoinsList;
			productName = ankushBhatiaCryptoCoinsList;
			productReference = 966BF08F2D3E2F0500AA29C5 /* ankushBhatiaCryptoCoinsList.app */;
			productType = "com.apple.product-type.application";
		};
		966BF0A42D3E2F0600AA29C5 /* ankushBhatiaCryptoCoinsListTests */ = {
			isa = PBXNativeTarget;
			buildConfigurationList = 966BF0BC2D3E2F0600AA29C5 /* Build configuration list for PBXNativeTarget "ankushBhatiaCryptoCoinsListTests" */;
			buildPhases = (
				966BF0A12D3E2F0600AA29C5 /* Sources */,
				966BF0A22D3E2F0600AA29C5 /* Frameworks */,
				966BF0A32D3E2F0600AA29C5 /* Resources */,
			);
			buildRules = (
			);
			dependencies = (
				966BF0A72D3E2F0600AA29C5 /* PBXTargetDependency */,
			);
			name = ankushBhatiaCryptoCoinsListTests;
			productName = ankushBhatiaCryptoCoinsListTests;
			productReference = 966BF0A52D3E2F0600AA29C5 /* ankushBhatiaCryptoCoinsListTests.xctest */;
			productType = "com.apple.product-type.bundle.unit-test";
		};
		966BF0AE2D3E2F0600AA29C5 /* ankushBhatiaCryptoCoinsListUITests */ = {
			isa = PBXNativeTarget;
			buildConfigurationList = 966BF0BF2D3E2F0600AA29C5 /* Build configuration list for PBXNativeTarget "ankushBhatiaCryptoCoinsListUITests" */;
			buildPhases = (
				966BF0AB2D3E2F0600AA29C5 /* Sources */,
				966BF0AC2D3E2F0600AA29C5 /* Frameworks */,
				966BF0AD2D3E2F0600AA29C5 /* Resources */,
			);
			buildRules = (
			);
			dependencies = (
				966BF0B12D3E2F0600AA29C5 /* PBXTargetDependency */,
			);
			name = ankushBhatiaCryptoCoinsListUITests;
			productName = ankushBhatiaCryptoCoinsListUITests;
			productReference = 966BF0AF2D3E2F0600AA29C5 /* ankushBhatiaCryptoCoinsListUITests.xctest */;
			productType = "com.apple.product-type.bundle.ui-testing";
		};
/* End PBXNativeTarget section */

/* Begin PBXProject section */
		966BF0872D3E2F0500AA29C5 /* Project object */ = {
			isa = PBXProject;
			attributes = {
				BuildIndependentTargetsInParallel = 1;
				LastSwiftUpdateCheck = 1540;
				LastUpgradeCheck = 1540;
				TargetAttributes = {
					966BF08E2D3E2F0500AA29C5 = {
						CreatedOnToolsVersion = 15.4;
					};
					966BF0A42D3E2F0600AA29C5 = {
						CreatedOnToolsVersion = 15.4;
						TestTargetID = 966BF08E2D3E2F0500AA29C5;
					};
					966BF0AE2D3E2F0600AA29C5 = {
						CreatedOnToolsVersion = 15.4;
						TestTargetID = 966BF08E2D3E2F0500AA29C5;
					};
				};
			};
			buildConfigurationList = 966BF08A2D3E2F0500AA29C5 /* Build configuration list for PBXProject "ankushBhatiaCryptoCoinsList" */;
			compatibilityVersion = "Xcode 14.0";
			developmentRegion = en;
			hasScannedForEncodings = 0;
			knownRegions = (
				en,
				Base,
			);
			mainGroup = 966BF0862D3E2F0500AA29C5;
			productRefGroup = 966BF0902D3E2F0500AA29C5 /* Products */;
			projectDirPath = "";
			projectRoot = "";
			targets = (
				966BF08E2D3E2F0500AA29C5 /* ankushBhatiaCryptoCoinsList */,
				966BF0A42D3E2F0600AA29C5 /* ankushBhatiaCryptoCoinsListTests */,
				966BF0AE2D3E2F0600AA29C5 /* ankushBhatiaCryptoCoinsListUITests */,
			);
		};
/* End PBXProject section */

/* Begin PBXResourcesBuildPhase section */
		966BF08D2D3E2F0500AA29C5 /* Resources */ = {
			isa = PBXResourcesBuildPhase;
			buildActionMask = 2147483647;
			files = (
				966BF09C2D3E2F0600AA29C5 /* Assets.xcassets in Resources */,
				966BF09F2D3E2F0600AA29C5 /* Base in Resources */,
			);
			runOnlyForDeploymentPostprocessing = 0;
		};
		966BF0A32D3E2F0600AA29C5 /* Resources */ = {
			isa = PBXResourcesBuildPhase;
			buildActionMask = 2147483647;
			files = (
			);
			runOnlyForDeploymentPostprocessing = 0;
		};
		966BF0AD2D3E2F0600AA29C5 /* Resources */ = {
			isa = PBXResourcesBuildPhase;
			buildActionMask = 2147483647;
			files = (
			);
			runOnlyForDeploymentPostprocessing = 0;
		};
/* End PBXResourcesBuildPhase section */

/* Begin PBXSourcesBuildPhase section */
		966BF08B2D3E2F0500AA29C5 /* Sources */ = {
			isa = PBXSourcesBuildPhase;
			buildActionMask = 2147483647;
			files = (
				962833A02D3F8B2C00C754AB /* StackView+Extension.swift in Sources */,
				964396ED2D3EDF2000FD53B2 /* Tableview+Extensions.swift in Sources */,
				966BF0932D3E2F0500AA29C5 /* AppDelegate.swift in Sources */,
				964396C32D3EAE7000FD53B2 /* APIRequest.swift in Sources */,
				96C2AF762D3E5BD9004C0F52 /* CryptoListViewModel.swift in Sources */,
				964396D72D3ECBC500FD53B2 /* CryptoListReponse.swift in Sources */,
				962833982D3F818F00C754AB /* CoinFilterItemCollectionViewCell.swift in Sources */,
				9628339E2D3F87FA00C754AB /* UIFont+Extensions.swift in Sources */,
				962833A22D3F8E0A00C754AB /* LeftAlignedCollectionViewFlowLayout.swift in Sources */,
				964396EA2D3EDED700FD53B2 /* CyptoListItemTableViewCell.swift in Sources */,
				964396DC2D3ECC6B00FD53B2 /* CryptoListNetworkDataSource.swift in Sources */,
				964396EF2D3EDF8800FD53B2 /* TableviewCell+Extensions.swift in Sources */,
				962833962D3F816000C754AB /* CollectionViewCell+Extensions.swift in Sources */,
				964396E52D3ED21A00FD53B2 /* CryptoListViewState.swift in Sources */,
				9628339A2D3F820400C754AB /* CoinListFilterType.swift in Sources */,
				964396E02D3ECF0800FD53B2 /* ViewModelFactory.swift in Sources */,
				964396D42D3ECAB000FD53B2 /* CryptoListRepository.swift in Sources */,
				964396BE2D3EADFB00FD53B2 /* APIManager.swift in Sources */,
				964396E32D3ED0F200FD53B2 /* TypeAlias.swift in Sources */,
				9628339C2D3F836F00C754AB /* CoinListFilterItem.swift in Sources */,
				964396CB2D3EB39100FD53B2 /* APILayerConstants.swift in Sources */,
				964396E82D3EDD1A00FD53B2 /* LoadingViewController.swift in Sources */,
				964396C92D3EAF0F00FD53B2 /* APIManaging.swift in Sources */,
				962833942D3F814A00C754AB /* CollectionView+Extensions.swift in Sources */,
				964396C72D3EAEBA00FD53B2 /* APIPath.swift in Sources */,
				964396C52D3EAE8300FD53B2 /* HTTPMethod.swift in Sources */,
				964396D12D3ECA6300FD53B2 /* CryptoListGetCoinsUseCase.swift in Sources */,
				96C2AF732D3E5B63004C0F52 /* CryptoListViewController.swift in Sources */,
				966BF0952D3E2F0500AA29C5 /* SceneDelegate.swift in Sources */,
				964396C12D3EAE4200FD53B2 /* APIError.swift in Sources */,
			);
			runOnlyForDeploymentPostprocessing = 0;
		};
		966BF0A12D3E2F0600AA29C5 /* Sources */ = {
			isa = PBXSourcesBuildPhase;
			buildActionMask = 2147483647;
			files = (
				966BF0AA2D3E2F0600AA29C5 /* ankushBhatiaCryptoCoinsListTests.swift in Sources */,
			);
			runOnlyForDeploymentPostprocessing = 0;
		};
		966BF0AB2D3E2F0600AA29C5 /* Sources */ = {
			isa = PBXSourcesBuildPhase;
			buildActionMask = 2147483647;
			files = (
				966BF0B42D3E2F0600AA29C5 /* ankushBhatiaCryptoCoinsListUITests.swift in Sources */,
				966BF0B62D3E2F0600AA29C5 /* ankushBhatiaCryptoCoinsListUITestsLaunchTests.swift in Sources */,
			);
			runOnlyForDeploymentPostprocessing = 0;
		};
/* End PBXSourcesBuildPhase section */

/* Begin PBXTargetDependency section */
		966BF0A72D3E2F0600AA29C5 /* PBXTargetDependency */ = {
			isa = PBXTargetDependency;
			target = 966BF08E2D3E2F0500AA29C5 /* ankushBhatiaCryptoCoinsList */;
			targetProxy = 966BF0A62D3E2F0600AA29C5 /* PBXContainerItemProxy */;
		};
		966BF0B12D3E2F0600AA29C5 /* PBXTargetDependency */ = {
			isa = PBXTargetDependency;
			target = 966BF08E2D3E2F0500AA29C5 /* ankushBhatiaCryptoCoinsList */;
			targetProxy = 966BF0B02D3E2F0600AA29C5 /* PBXContainerItemProxy */;
		};
/* End PBXTargetDependency section */

/* Begin PBXVariantGroup section */
		966BF09D2D3E2F0600AA29C5 /* LaunchScreen.storyboard */ = {
			isa = PBXVariantGroup;
			children = (
				966BF09E2D3E2F0600AA29C5 /* Base */,
			);
			name = LaunchScreen.storyboard;
			sourceTree = "<group>";
		};
/* End PBXVariantGroup section */

/* Begin XCBuildConfiguration section */
		966BF0B72D3E2F0600AA29C5 /* Debug */ = {
			isa = XCBuildConfiguration;
			buildSettings = {
				ALWAYS_SEARCH_USER_PATHS = NO;
				ASSETCATALOG_COMPILER_GENERATE_SWIFT_ASSET_SYMBOL_EXTENSIONS = YES;
				CLANG_ANALYZER_NONNULL = YES;
				CLANG_ANALYZER_NUMBER_OBJECT_CONVERSION = YES_AGGRESSIVE;
				CLANG_CXX_LANGUAGE_STANDARD = "gnu++20";
				CLANG_ENABLE_MODULES = YES;
				CLANG_ENABLE_OBJC_ARC = YES;
				CLANG_ENABLE_OBJC_WEAK = YES;
				CLANG_WARN_BLOCK_CAPTURE_AUTORELEASING = YES;
				CLANG_WARN_BOOL_CONVERSION = YES;
				CLANG_WARN_COMMA = YES;
				CLANG_WARN_CONSTANT_CONVERSION = YES;
				CLANG_WARN_DEPRECATED_OBJC_IMPLEMENTATIONS = YES;
				CLANG_WARN_DIRECT_OBJC_ISA_USAGE = YES_ERROR;
				CLANG_WARN_DOCUMENTATION_COMMENTS = YES;
				CLANG_WARN_EMPTY_BODY = YES;
				CLANG_WARN_ENUM_CONVERSION = YES;
				CLANG_WARN_INFINITE_RECURSION = YES;
				CLANG_WARN_INT_CONVERSION = YES;
				CLANG_WARN_NON_LITERAL_NULL_CONVERSION = YES;
				CLANG_WARN_OBJC_IMPLICIT_RETAIN_SELF = YES;
				CLANG_WARN_OBJC_LITERAL_CONVERSION = YES;
				CLANG_WARN_OBJC_ROOT_CLASS = YES_ERROR;
				CLANG_WARN_QUOTED_INCLUDE_IN_FRAMEWORK_HEADER = YES;
				CLANG_WARN_RANGE_LOOP_ANALYSIS = YES;
				CLANG_WARN_STRICT_PROTOTYPES = YES;
				CLANG_WARN_SUSPICIOUS_MOVE = YES;
				CLANG_WARN_UNGUARDED_AVAILABILITY = YES_AGGRESSIVE;
				CLANG_WARN_UNREACHABLE_CODE = YES;
				CLANG_WARN__DUPLICATE_METHOD_MATCH = YES;
				COPY_PHASE_STRIP = NO;
				DEBUG_INFORMATION_FORMAT = dwarf;
				ENABLE_STRICT_OBJC_MSGSEND = YES;
				ENABLE_TESTABILITY = YES;
				ENABLE_USER_SCRIPT_SANDBOXING = YES;
				GCC_C_LANGUAGE_STANDARD = gnu17;
				GCC_DYNAMIC_NO_PIC = NO;
				GCC_NO_COMMON_BLOCKS = YES;
				GCC_OPTIMIZATION_LEVEL = 0;
				GCC_PREPROCESSOR_DEFINITIONS = (
					"DEBUG=1",
					"$(inherited)",
				);
				GCC_WARN_64_TO_32_BIT_CONVERSION = YES;
				GCC_WARN_ABOUT_RETURN_TYPE = YES_ERROR;
				GCC_WARN_UNDECLARED_SELECTOR = YES;
				GCC_WARN_UNINITIALIZED_AUTOS = YES_AGGRESSIVE;
				GCC_WARN_UNUSED_FUNCTION = YES;
				GCC_WARN_UNUSED_VARIABLE = YES;
				IPHONEOS_DEPLOYMENT_TARGET = 17.5;
				LOCALIZATION_PREFERS_STRING_CATALOGS = YES;
				MTL_ENABLE_DEBUG_INFO = INCLUDE_SOURCE;
				MTL_FAST_MATH = YES;
				ONLY_ACTIVE_ARCH = YES;
				SDKROOT = iphoneos;
				SWIFT_ACTIVE_COMPILATION_CONDITIONS = "DEBUG $(inherited)";
				SWIFT_OPTIMIZATION_LEVEL = "-Onone";
			};
			name = Debug;
		};
		966BF0B82D3E2F0600AA29C5 /* Release */ = {
			isa = XCBuildConfiguration;
			buildSettings = {
				ALWAYS_SEARCH_USER_PATHS = NO;
				ASSETCATALOG_COMPILER_GENERATE_SWIFT_ASSET_SYMBOL_EXTENSIONS = YES;
				CLANG_ANALYZER_NONNULL = YES;
				CLANG_ANALYZER_NUMBER_OBJECT_CONVERSION = YES_AGGRESSIVE;
				CLANG_CXX_LANGUAGE_STANDARD = "gnu++20";
				CLANG_ENABLE_MODULES = YES;
				CLANG_ENABLE_OBJC_ARC = YES;
				CLANG_ENABLE_OBJC_WEAK = YES;
				CLANG_WARN_BLOCK_CAPTURE_AUTORELEASING = YES;
				CLANG_WARN_BOOL_CONVERSION = YES;
				CLANG_WARN_COMMA = YES;
				CLANG_WARN_CONSTANT_CONVERSION = YES;
				CLANG_WARN_DEPRECATED_OBJC_IMPLEMENTATIONS = YES;
				CLANG_WARN_DIRECT_OBJC_ISA_USAGE = YES_ERROR;
				CLANG_WARN_DOCUMENTATION_COMMENTS = YES;
				CLANG_WARN_EMPTY_BODY = YES;
				CLANG_WARN_ENUM_CONVERSION = YES;
				CLANG_WARN_INFINITE_RECURSION = YES;
				CLANG_WARN_INT_CONVERSION = YES;
				CLANG_WARN_NON_LITERAL_NULL_CONVERSION = YES;
				CLANG_WARN_OBJC_IMPLICIT_RETAIN_SELF = YES;
				CLANG_WARN_OBJC_LITERAL_CONVERSION = YES;
				CLANG_WARN_OBJC_ROOT_CLASS = YES_ERROR;
				CLANG_WARN_QUOTED_INCLUDE_IN_FRAMEWORK_HEADER = YES;
				CLANG_WARN_RANGE_LOOP_ANALYSIS = YES;
				CLANG_WARN_STRICT_PROTOTYPES = YES;
				CLANG_WARN_SUSPICIOUS_MOVE = YES;
				CLANG_WARN_UNGUARDED_AVAILABILITY = YES_AGGRESSIVE;
				CLANG_WARN_UNREACHABLE_CODE = YES;
				CLANG_WARN__DUPLICATE_METHOD_MATCH = YES;
				COPY_PHASE_STRIP = NO;
				DEBUG_INFORMATION_FORMAT = "dwarf-with-dsym";
				ENABLE_NS_ASSERTIONS = NO;
				ENABLE_STRICT_OBJC_MSGSEND = YES;
				ENABLE_USER_SCRIPT_SANDBOXING = YES;
				GCC_C_LANGUAGE_STANDARD = gnu17;
				GCC_NO_COMMON_BLOCKS = YES;
				GCC_WARN_64_TO_32_BIT_CONVERSION = YES;
				GCC_WARN_ABOUT_RETURN_TYPE = YES_ERROR;
				GCC_WARN_UNDECLARED_SELECTOR = YES;
				GCC_WARN_UNINITIALIZED_AUTOS = YES_AGGRESSIVE;
				GCC_WARN_UNUSED_FUNCTION = YES;
				GCC_WARN_UNUSED_VARIABLE = YES;
				IPHONEOS_DEPLOYMENT_TARGET = 17.5;
				LOCALIZATION_PREFERS_STRING_CATALOGS = YES;
				MTL_ENABLE_DEBUG_INFO = NO;
				MTL_FAST_MATH = YES;
				SDKROOT = iphoneos;
				SWIFT_COMPILATION_MODE = wholemodule;
				VALIDATE_PRODUCT = YES;
			};
			name = Release;
		};
		966BF0BA2D3E2F0600AA29C5 /* Debug */ = {
			isa = XCBuildConfiguration;
			buildSettings = {
				ASSETCATALOG_COMPILER_APPICON_NAME = AppIcon;
				ASSETCATALOG_COMPILER_GLOBAL_ACCENT_COLOR_NAME = AccentColor;
				CODE_SIGN_STYLE = Automatic;
				CURRENT_PROJECT_VERSION = 1;
				GENERATE_INFOPLIST_FILE = YES;
				INFOPLIST_FILE = ankushBhatiaCryptoCoinsList/Info.plist;
				INFOPLIST_KEY_UIApplicationSupportsIndirectInputEvents = YES;
				INFOPLIST_KEY_UILaunchStoryboardName = LaunchScreen;
				INFOPLIST_KEY_UISupportedInterfaceOrientations = UIInterfaceOrientationPortrait;
				LD_RUNPATH_SEARCH_PATHS = (
					"$(inherited)",
					"@executable_path/Frameworks",
				);
				MARKETING_VERSION = 1.0;
				PRODUCT_BUNDLE_IDENTIFIER = com.ankush.ankushBhatiaCryptoCoinsList;
				PRODUCT_NAME = "$(TARGET_NAME)";
				SUPPORTED_PLATFORMS = "iphoneos iphonesimulator";
				SUPPORTS_MACCATALYST = NO;
				SUPPORTS_MAC_DESIGNED_FOR_IPHONE_IPAD = NO;
				SUPPORTS_XR_DESIGNED_FOR_IPHONE_IPAD = NO;
				SWIFT_EMIT_LOC_STRINGS = YES;
				SWIFT_VERSION = 5.0;
				TARGETED_DEVICE_FAMILY = 1;
			};
			name = Debug;
		};
		966BF0BB2D3E2F0600AA29C5 /* Release */ = {
			isa = XCBuildConfiguration;
			buildSettings = {
				ASSETCATALOG_COMPILER_APPICON_NAME = AppIcon;
				ASSETCATALOG_COMPILER_GLOBAL_ACCENT_COLOR_NAME = AccentColor;
				CODE_SIGN_STYLE = Automatic;
				CURRENT_PROJECT_VERSION = 1;
				GENERATE_INFOPLIST_FILE = YES;
				INFOPLIST_FILE = ankushBhatiaCryptoCoinsList/Info.plist;
				INFOPLIST_KEY_UIApplicationSupportsIndirectInputEvents = YES;
				INFOPLIST_KEY_UILaunchStoryboardName = LaunchScreen;
				INFOPLIST_KEY_UISupportedInterfaceOrientations = UIInterfaceOrientationPortrait;
				LD_RUNPATH_SEARCH_PATHS = (
					"$(inherited)",
					"@executable_path/Frameworks",
				);
				MARKETING_VERSION = 1.0;
				PRODUCT_BUNDLE_IDENTIFIER = com.ankush.ankushBhatiaCryptoCoinsList;
				PRODUCT_NAME = "$(TARGET_NAME)";
				SUPPORTED_PLATFORMS = "iphoneos iphonesimulator";
				SUPPORTS_MACCATALYST = NO;
				SUPPORTS_MAC_DESIGNED_FOR_IPHONE_IPAD = NO;
				SUPPORTS_XR_DESIGNED_FOR_IPHONE_IPAD = NO;
				SWIFT_EMIT_LOC_STRINGS = YES;
				SWIFT_VERSION = 5.0;
				TARGETED_DEVICE_FAMILY = 1;
			};
			name = Release;
		};
		966BF0BD2D3E2F0600AA29C5 /* Debug */ = {
			isa = XCBuildConfiguration;
			buildSettings = {
				ALWAYS_EMBED_SWIFT_STANDARD_LIBRARIES = YES;
				BUNDLE_LOADER = "$(TEST_HOST)";
				CODE_SIGN_STYLE = Automatic;
				CURRENT_PROJECT_VERSION = 1;
				GENERATE_INFOPLIST_FILE = YES;
				IPHONEOS_DEPLOYMENT_TARGET = 17.5;
				MARKETING_VERSION = 1.0;
				PRODUCT_BUNDLE_IDENTIFIER = com.ankush.ankushBhatiaCryptoCoinsListTests;
				PRODUCT_NAME = "$(TARGET_NAME)";
				SWIFT_EMIT_LOC_STRINGS = NO;
				SWIFT_VERSION = 5.0;
				TARGETED_DEVICE_FAMILY = "1,2";
				TEST_HOST = "$(BUILT_PRODUCTS_DIR)/ankushBhatiaCryptoCoinsList.app/$(BUNDLE_EXECUTABLE_FOLDER_PATH)/ankushBhatiaCryptoCoinsList";
			};
			name = Debug;
		};
		966BF0BE2D3E2F0600AA29C5 /* Release */ = {
			isa = XCBuildConfiguration;
			buildSettings = {
				ALWAYS_EMBED_SWIFT_STANDARD_LIBRARIES = YES;
				BUNDLE_LOADER = "$(TEST_HOST)";
				CODE_SIGN_STYLE = Automatic;
				CURRENT_PROJECT_VERSION = 1;
				GENERATE_INFOPLIST_FILE = YES;
				IPHONEOS_DEPLOYMENT_TARGET = 17.5;
				MARKETING_VERSION = 1.0;
				PRODUCT_BUNDLE_IDENTIFIER = com.ankush.ankushBhatiaCryptoCoinsListTests;
				PRODUCT_NAME = "$(TARGET_NAME)";
				SWIFT_EMIT_LOC_STRINGS = NO;
				SWIFT_VERSION = 5.0;
				TARGETED_DEVICE_FAMILY = "1,2";
				TEST_HOST = "$(BUILT_PRODUCTS_DIR)/ankushBhatiaCryptoCoinsList.app/$(BUNDLE_EXECUTABLE_FOLDER_PATH)/ankushBhatiaCryptoCoinsList";
			};
			name = Release;
		};
		966BF0C02D3E2F0600AA29C5 /* Debug */ = {
			isa = XCBuildConfiguration;
			buildSettings = {
				ALWAYS_EMBED_SWIFT_STANDARD_LIBRARIES = YES;
				CODE_SIGN_STYLE = Automatic;
				CURRENT_PROJECT_VERSION = 1;
				GENERATE_INFOPLIST_FILE = YES;
				MARKETING_VERSION = 1.0;
				PRODUCT_BUNDLE_IDENTIFIER = com.ankush.ankushBhatiaCryptoCoinsListUITests;
				PRODUCT_NAME = "$(TARGET_NAME)";
				SWIFT_EMIT_LOC_STRINGS = NO;
				SWIFT_VERSION = 5.0;
				TARGETED_DEVICE_FAMILY = "1,2";
				TEST_TARGET_NAME = ankushBhatiaCryptoCoinsList;
			};
			name = Debug;
		};
		966BF0C12D3E2F0600AA29C5 /* Release */ = {
			isa = XCBuildConfiguration;
			buildSettings = {
				ALWAYS_EMBED_SWIFT_STANDARD_LIBRARIES = YES;
				CODE_SIGN_STYLE = Automatic;
				CURRENT_PROJECT_VERSION = 1;
				GENERATE_INFOPLIST_FILE = YES;
				MARKETING_VERSION = 1.0;
				PRODUCT_BUNDLE_IDENTIFIER = com.ankush.ankushBhatiaCryptoCoinsListUITests;
				PRODUCT_NAME = "$(TARGET_NAME)";
				SWIFT_EMIT_LOC_STRINGS = NO;
				SWIFT_VERSION = 5.0;
				TARGETED_DEVICE_FAMILY = "1,2";
				TEST_TARGET_NAME = ankushBhatiaCryptoCoinsList;
			};
			name = Release;
		};
/* End XCBuildConfiguration section */

/* Begin XCConfigurationList section */
		966BF08A2D3E2F0500AA29C5 /* Build configuration list for PBXProject "ankushBhatiaCryptoCoinsList" */ = {
			isa = XCConfigurationList;
			buildConfigurations = (
				966BF0B72D3E2F0600AA29C5 /* Debug */,
				966BF0B82D3E2F0600AA29C5 /* Release */,
			);
			defaultConfigurationIsVisible = 0;
			defaultConfigurationName = Release;
		};
		966BF0B92D3E2F0600AA29C5 /* Build configuration list for PBXNativeTarget "ankushBhatiaCryptoCoinsList" */ = {
			isa = XCConfigurationList;
			buildConfigurations = (
				966BF0BA2D3E2F0600AA29C5 /* Debug */,
				966BF0BB2D3E2F0600AA29C5 /* Release */,
			);
			defaultConfigurationIsVisible = 0;
			defaultConfigurationName = Release;
		};
		966BF0BC2D3E2F0600AA29C5 /* Build configuration list for PBXNativeTarget "ankushBhatiaCryptoCoinsListTests" */ = {
			isa = XCConfigurationList;
			buildConfigurations = (
				966BF0BD2D3E2F0600AA29C5 /* Debug */,
				966BF0BE2D3E2F0600AA29C5 /* Release */,
			);
			defaultConfigurationIsVisible = 0;
			defaultConfigurationName = Release;
		};
		966BF0BF2D3E2F0600AA29C5 /* Build configuration list for PBXNativeTarget "ankushBhatiaCryptoCoinsListUITests" */ = {
			isa = XCConfigurationList;
			buildConfigurations = (
				966BF0C02D3E2F0600AA29C5 /* Debug */,
				966BF0C12D3E2F0600AA29C5 /* Release */,
			);
			defaultConfigurationIsVisible = 0;
			defaultConfigurationName = Release;
		};
/* End XCConfigurationList section */
	};
	rootObject = 966BF0872D3E2F0500AA29C5 /* Project object */;
}
